
Microsoft Visual Studio Solution File, Format Version 12.00
# Visual Studio Version 17
VisualStudioVersion = 17.4.33403.182
MinimumVisualStudioVersion = 10.0.40219.1
Project("{FAE04EC0-301F-11D3-BF4B-00C04F79EFBC}") = "inter", "inter\inter.csproj", "{9E84C85B-7C95-4BE2-A241-ADEA0BE3420A}"
EndProject
Global
	GlobalSection(SolutionConfigurationPlatforms) = preSolution
		Debug|Any CPU = Debug|Any CPU
		Release|Any CPU = Release|Any CPU
	EndGlobalSection
	GlobalSection(ProjectConfigurationPlatforms) = postSolution
		{9E84C85B-7C95-4BE2-A241-ADEA0BE3420A}.Debug|Any CPU.ActiveCfg = Debug|Any CPU
		{9E84C85B-7C95-4BE2-A241-ADEA0BE3420A}.Debug|Any CPU.Build.0 = Debug|Any CPU
		{9E84C85B-7C95-4BE2-A241-ADEA0BE3420A}.Release|Any CPU.ActiveCfg = Release|Any CPU
		{9E84C85B-7C95-4BE2-A241-ADEA0BE3420A}.Release|Any CPU.Build.0 = Release|Any CPU
	EndGlobalSection
	GlobalSection(SolutionProperties) = preSolution
		HideSolutionNode = FALSE
	EndGlobalSection
	GlobalSection(ExtensibilityGlobals) = postSolution
		SolutionGuid = {F7A88A59-D6F7-4DE0-888A-A0F40674E0BC}
	EndGlobalSection
EndGlobal
